# THIS IS AN AUTOGENERATED FILE. DO NOT EDIT THIS FILE DIRECTLY.
# yarn lockfile v1


"@manomano/utils@^2.3.5":
  version "2.3.5"
  resolved "https://registry.yarnpkg.com/@manomano/utils/-/utils-2.3.5.tgz#55477532b09af148d03a41d6ef075f991167131b"
  integrity sha512-Tdv3uXBTYkodr5/cL1vUItOGEx43R0JoegsBzjgAK0NVKUEKFMTENXCwJuZTKQ2rWz7WgIuawjSLByFYA0OOxg==
  dependencies:
    lodash.groupby "4.6.0"
    node-fetch "2.5.0"

lodash.groupby@4.6.0:
  version "4.6.0"
  resolved "https://registry.yarnpkg.com/lodash.groupby/-/lodash.groupby-4.6.0.tgz#0b08a1dcf68397c397855c3239783832df7403d1"
  integrity sha1-Cwih3PaDl8OXhVwyOXg4Mt90A9E=

node-fetch@2.5.0:
  version "2.5.0"
  resolved "https://registry.yarnpkg.com/node-fetch/-/node-fetch-2.5.0.tgz#8028c49fc1191bba56a07adc6e2a954644a48501"
  integrity sha512-YuZKluhWGJwCcUu4RlZstdAxr8bFfOVHakc1mplwHkk8J+tqM1Y5yraYvIUpeX8aY7+crCwiELJq7Vl0o0LWXw==
