# THIS IS AN AUTOGENERATED FILE. DO NOT EDIT THIS FILE DIRECTLY.
# yarn lockfile v1


"@manomano/utils@^2.7.0":
  version "2.7.0"
  resolved "https://registry.yarnpkg.com/@manomano/utils/-/utils-2.7.0.tgz#a57e426486be8774747fe891f383ed2526c27431"
  integrity sha512-E/hs71a72xY1is/EHMcZnrpdS+in/BMPrSc+hUalMeak7rsjYugyVftO0QryMj4Njcrjm397zdoCU13zJjzSsg==
  dependencies:
    node-fetch "2.6.0"

node-fetch@2.6.0:
  version "2.6.0"
  resolved "https://registry.yarnpkg.com/node-fetch/-/node-fetch-2.6.0.tgz#e633456386d4aa55863f676a7ab0daa8fdecb0fd"
  integrity sha512-8dG4H5ujfvFiqDmVu9fQ5bOHUC15JMjMY/Zumv26oOvvVJjM67KF8koCWIabKQ1GJIa9r2mMZscBq/TbdOcmNA==
